
Microsoft Visual Studio Solution File, Format Version 12.00
# Visual Studio 15
VisualStudioVersion = 15.0.27130.2024
MinimumVisualStudioVersion = 10.0.40219.1
Project("{FAE04EC0-301F-11D3-BF4B-00C04F79EFBC}") = "Metodo de la secante", "Metodo de la secante\Metodo de la secante.csproj", "{146858C7-0FA6-4ED3-B3C6-C9E973A27473}"
EndProject
Global
	GlobalSection(SolutionConfigurationPlatforms) = preSolution
		Debug|Any CPU = Debug|Any CPU
		Release|Any CPU = Release|Any CPU
	EndGlobalSection
	GlobalSection(ProjectConfigurationPlatforms) = postSolution
		{146858C7-0FA6-4ED3-B3C6-C9E973A27473}.Debug|Any CPU.ActiveCfg = Debug|Any CPU
		{146858C7-0FA6-4ED3-B3C6-C9E973A27473}.Debug|Any CPU.Build.0 = Debug|Any CPU
		{146858C7-0FA6-4ED3-B3C6-C9E973A27473}.Release|Any CPU.ActiveCfg = Release|Any CPU
		{146858C7-0FA6-4ED3-B3C6-C9E973A27473}.Release|Any CPU.Build.0 = Release|Any CPU
	EndGlobalSection
	GlobalSection(SolutionProperties) = preSolution
		HideSolutionNode = FALSE
	EndGlobalSection
	GlobalSection(ExtensibilityGlobals) = postSolution
		SolutionGuid = {E528BAFB-E550-49D9-BECB-5EC78395ABCD}
	EndGlobalSection
EndGlobal
