
Microsoft Visual Studio Solution File, Format Version 12.00
# Visual Studio 15
VisualStudioVersion = 15.0.27130.2024
MinimumVisualStudioVersion = 10.0.40219.1
Project("{FAE04EC0-301F-11D3-BF4B-00C04F79EFBC}") = "DAVID GARCIA", "DAVID GARCIA\DAVID GARCIA.csproj", "{9A953289-6196-42FD-99B7-0A97F3FCF3AB}"
EndProject
Global
	GlobalSection(SolutionConfigurationPlatforms) = preSolution
		Debug|Any CPU = Debug|Any CPU
		Release|Any CPU = Release|Any CPU
	EndGlobalSection
	GlobalSection(ProjectConfigurationPlatforms) = postSolution
		{9A953289-6196-42FD-99B7-0A97F3FCF3AB}.Debug|Any CPU.ActiveCfg = Debug|Any CPU
		{9A953289-6196-42FD-99B7-0A97F3FCF3AB}.Debug|Any CPU.Build.0 = Debug|Any CPU
		{9A953289-6196-42FD-99B7-0A97F3FCF3AB}.Release|Any CPU.ActiveCfg = Release|Any CPU
		{9A953289-6196-42FD-99B7-0A97F3FCF3AB}.Release|Any CPU.Build.0 = Release|Any CPU
	EndGlobalSection
	GlobalSection(SolutionProperties) = preSolution
		HideSolutionNode = FALSE
	EndGlobalSection
	GlobalSection(ExtensibilityGlobals) = postSolution
		SolutionGuid = {5FA96FC1-C176-4C51-A449-95D36F20F7E7}
	EndGlobalSection
EndGlobal
